<?xml version="1.0" encoding="utf-8"?>
<Project ToolsVersion="4.0" xmlns="http://schemas.microsoft.com/developer/msbuild/2003">
  <ItemGroup>
    <Filter Include="Source">
      <UniqueIdentifier>{7505f9b1-57d8-48d8-a122-720a18f9d88c}</UniqueIdentifier>
    </Filter>
    <Filter Include="Source\DataTable">
      <UniqueIdentifier>{8346dcab-276d-4b60-8c23-eee1b057a896}</UniqueIdentifier>
    </Filter>
    <Filter Include="Source\Def">
      <UniqueIdentifier>{c8203f7e-10b9-4c26-b54a-9494fb1e6769}</UniqueIdentifier>
    </Filter>
  </ItemGroup>
  <ItemGroup>
    <ClCompile Include="DataTable.cpp">
      <Filter>Source</Filter>
    </ClCompile>
    <ClCompile Include="DataTable\data_csv_parser.cpp">
      <Filter>Source\DataTable</Filter>
    </ClCompile>
    <ClCompile Include="DataTable\data_table_manager.cpp">
      <Filter>Source\DataTable</Filter>
    </ClCompile>
  </ItemGroup>
  <ItemGroup>
    <ClInclude Include="DataTable\config_data_table.h">
      <Filter>Source\DataTable</Filter>
    </ClInclude>
    <ClInclude Include="DataTable\string_data_table.h">
      <Filter>Source\DataTable</Filter>
    </ClInclude>
    <ClInclude Include="DataTable\data_csv_parser.h">
      <Filter>Source\DataTable</Filter>
    </ClInclude>
    <ClInclude Include="DataTable\data_table_base.h">
      <Filter>Source\DataTable</Filter>
    </ClInclude>
    <ClInclude Include="DataTable\data_table_manager.h">
      <Filter>Source\DataTable</Filter>
    </ClInclude>
    <ClInclude Include="DataTable\data_table_template.hpp">
      <Filter>Source\DataTable</Filter>
    </ClInclude>
    <ClInclude Include="Def\game_macro.hpp">
      <Filter>Source\Def</Filter>
    </ClInclude>
    <ClInclude Include="Def\game_def.hpp">
      <Filter>Source\Def</Filter>
    </ClInclude>
  </ItemGroup>
</Project>